{
  "name": "workshop",
  "version": "1.0.0",
  "lockfileVersion": 3,
  "requires": true,
  "packages": {
    "": {
      "name": "workshop",
      "version": "1.0.0",
      "license": "ISC",
      "devDependencies": {
        "krackedmaps": "^0.1.2"
      }
    },
    "node_modules/krackedmaps": {
      "version": "0.1.2",
      "resolved": "https://registry.npmjs.org/krackedmaps/-/krackedmaps-0.1.2.tgz",
      "integrity": "sha512-mNCN9zJvQzwL68Pbx/qw7veljK3y4PnNf+CXeaaEQd9JioPnVTNaWBAQosEnzMZut4U6LOgjc9/l388nZmSkRA==",
      "dev": true,
      "license": "MIT",
      "bin": {
        "krackedmaps": "bin/cli.js"
      },
      "engines": {
        "node": ">=18"
      }
    }
  }
}
